
Microsoft Visual Studio Solution File, Format Version 12.00
# Visual Studio Version 17
VisualStudioVersion = 17.14.36518.9 d17.14
MinimumVisualStudioVersion = 10.0.40219.1
Project("{FAE04EC0-301F-11D3-BF4B-00C04F79EFBC}") = "SISTEMADENOMINA", "SISTEMADENOMINA\SISTEMADENOMINA.csproj", "{57B155F1-FB9B-46BA-8BF4-961855A472FE}"
EndProject
Global
	GlobalSection(SolutionConfigurationPlatforms) = preSolution
		Debug|Any CPU = Debug|Any CPU
		Release|Any CPU = Release|Any CPU
	EndGlobalSection
	GlobalSection(ProjectConfigurationPlatforms) = postSolution
		{57B155F1-FB9B-46BA-8BF4-961855A472FE}.Debug|Any CPU.ActiveCfg = Debug|Any CPU
		{57B155F1-FB9B-46BA-8BF4-961855A472FE}.Debug|Any CPU.Build.0 = Debug|Any CPU
		{57B155F1-FB9B-46BA-8BF4-961855A472FE}.Release|Any CPU.ActiveCfg = Release|Any CPU
		{57B155F1-FB9B-46BA-8BF4-961855A472FE}.Release|Any CPU.Build.0 = Release|Any CPU
	EndGlobalSection
	GlobalSection(SolutionProperties) = preSolution
		HideSolutionNode = FALSE
	EndGlobalSection
	GlobalSection(ExtensibilityGlobals) = postSolution
		SolutionGuid = {DF7C55DB-B21B-4623-A645-E6F5E2DC0B02}
	EndGlobalSection
EndGlobal
